// !$*UTF8*$!
{
	archiveVersion = 1;
	classes = {
	};
	objectVersion = 56;
	objects = {

/* Begin PBXBuildFile section */
		C086D5362A7649AC0040D1D5 /* WashCarInformationsApp.swift in Sources */ = {isa = PBXBuildFile; fileRef = C086D5352A7649AC0040D1D5 /* WashCarInformationsApp.swift */; };
		C086D5382A7649AC0040D1D5 /* ContentView.swift in Sources */ = {isa = PBXBuildFile; fileRef = C086D5372A7649AC0040D1D5 /* ContentView.swift */; };
		C086D53A2A7649AE0040D1D5 /* Assets.xcassets in Resources */ = {isa = PBXBuildFile; fileRef = C086D5392A7649AE0040D1D5 /* Assets.xcassets */; };
		C086D53D2A7649AE0040D1D5 /* Preview Assets.xcassets in Resources */ = {isa = PBXBuildFile; fileRef = C086D53C2A7649AE0040D1D5 /* Preview Assets.xcassets */; };
		C086D5472A7649AE0040D1D5 /* WashCarInformationsTests.swift in Sources */ = {isa = PBXBuildFile; fileRef = C086D5462A7649AE0040D1D5 /* WashCarInformationsTests.swift */; };
		C086D5512A7649AE0040D1D5 /* WashCarInformationsUITests.swift in Sources */ = {isa = PBXBuildFile; fileRef = C086D5502A7649AE0040D1D5 /* WashCarInformationsUITests.swift */; };
		C086D5532A7649AE0040D1D5 /* WashCarInformationsUITestsLaunchTests.swift in Sources */ = {isa = PBXBuildFile; fileRef = C086D5522A7649AE0040D1D5 /* WashCarInformationsUITestsLaunchTests.swift */; };
		C086D5602A7654B50040D1D5 /* Color.swift in Sources */ = {isa = PBXBuildFile; fileRef = C086D55F2A7654B50040D1D5 /* Color.swift */; };
/* End PBXBuildFile section */

/* Begin PBXContainerItemProxy section */
		C086D5432A7649AE0040D1D5 /* PBXContainerItemProxy */ = {
			isa = PBXContainerItemProxy;
			containerPortal = C086D52A2A7649AC0040D1D5 /* Project object */;
			proxyType = 1;
			remoteGlobalIDString = C086D5312A7649AC0040D1D5;
			remoteInfo = WashCarInformations;
		};
		C086D54D2A7649AE0040D1D5 /* PBXContainerItemProxy */ = {
			isa = PBXContainerItemProxy;
			containerPortal = C086D52A2A7649AC0040D1D5 /* Project object */;
			proxyType = 1;
			remoteGlobalIDString = C086D5312A7649AC0040D1D5;
			remoteInfo = WashCarInformations;
		};
/* End PBXContainerItemProxy section */

/* Begin PBXFileReference section */
		C086D5322A7649AC0040D1D5 /* WashCarInformations.app */ = {isa = PBXFileReference; explicitFileType = wrapper.application; includeInIndex = 0; path = WashCarInformations.app; sourceTree = BUILT_PRODUCTS_DIR; };
		C086D5352A7649AC0040D1D5 /* WashCarInformationsApp.swift */ = {isa = PBXFileReference; lastKnownFileType = sourcecode.swift; path = WashCarInformationsApp.swift; sourceTree = "<group>"; };
		C086D5372A7649AC0040D1D5 /* ContentView.swift */ = {isa = PBXFileReference; lastKnownFileType = sourcecode.swift; path = ContentView.swift; sourceTree = "<group>"; };
		C086D5392A7649AE0040D1D5 /* Assets.xcassets */ = {isa = PBXFileReference; lastKnownFileType = folder.assetcatalog; path = Assets.xcassets; sourceTree = "<group>"; };
		C086D53C2A7649AE0040D1D5 /* Preview Assets.xcassets */ = {isa = PBXFileReference; lastKnownFileType = folder.assetcatalog; path = "Preview Assets.xcassets"; sourceTree = "<group>"; };
		C086D5422A7649AE0040D1D5 /* WashCarInformationsTests.xctest */ = {isa = PBXFileReference; explicitFileType = wrapper.cfbundle; includeInIndex = 0; path = WashCarInformationsTests.xctest; sourceTree = BUILT_PRODUCTS_DIR; };
		C086D5462A7649AE0040D1D5 /* WashCarInformationsTests.swift */ = {isa = PBXFileReference; lastKnownFileType = sourcecode.swift; path = WashCarInformationsTests.swift; sourceTree = "<group>"; };
		C086D54C2A7649AE0040D1D5 /* WashCarInformationsUITests.xctest */ = {isa = PBXFileReference; explicitFileType = wrapper.cfbundle; includeInIndex = 0; path = WashCarInformationsUITests.xctest; sourceTree = BUILT_PRODUCTS_DIR; };
		C086D5502A7649AE0040D1D5 /* WashCarInformationsUITests.swift */ = {isa = PBXFileReference; lastKnownFileType = sourcecode.swift; path = WashCarInformationsUITests.swift; sourceTree = "<group>"; };
		C086D5522A7649AE0040D1D5 /* WashCarInformationsUITestsLaunchTests.swift */ = {isa = PBXFileReference; lastKnownFileType = sourcecode.swift; path = WashCarInformationsUITestsLaunchTests.swift; sourceTree = "<group>"; };
		C086D55F2A7654B50040D1D5 /* Color.swift */ = {isa = PBXFileReference; lastKnownFileType = sourcecode.swift; path = Color.swift; sourceTree = "<group>"; };
/* End PBXFileReference section */

/* Begin PBXFrameworksBuildPhase section */
		C086D52F2A7649AC0040D1D5 /* Frameworks */ = {
			isa = PBXFrameworksBuildPhase;
			buildActionMask = 2147483647;
			files = (
			);
			runOnlyForDeploymentPostprocessing = 0;
		};
		C086D53F2A7649AE0040D1D5 /* Frameworks */ = {
			isa = PBXFrameworksBuildPhase;
			buildActionMask = 2147483647;
			files = (
			);
			runOnlyForDeploymentPostprocessing = 0;
		};
		C086D5492A7649AE0040D1D5 /* Frameworks */ = {
			isa = PBXFrameworksBuildPhase;
			buildActionMask = 2147483647;
			files = (
			);
			runOnlyForDeploymentPostprocessing = 0;
		};
/* End PBXFrameworksBuildPhase section */

/* Begin PBXGroup section */
		C086D5292A7649AC0040D1D5 = {
			isa = PBXGroup;
			children = (
				C086D5342A7649AC0040D1D5 /* WashCarInformations */,
				C086D5452A7649AE0040D1D5 /* WashCarInformationsTests */,
				C086D54F2A7649AE0040D1D5 /* WashCarInformationsUITests */,
				C086D5332A7649AC0040D1D5 /* Products */,
			);
			sourceTree = "<group>";
		};
		C086D5332A7649AC0040D1D5 /* Products */ = {
			isa = PBXGroup;
			children = (
				C086D5322A7649AC0040D1D5 /* WashCarInformations.app */,
				C086D5422A7649AE0040D1D5 /* WashCarInformationsTests.xctest */,
				C086D54C2A7649AE0040D1D5 /* WashCarInformationsUITests.xctest */,
			);
			name = Products;
			sourceTree = "<group>";
		};
		C086D5342A7649AC0040D1D5 /* WashCarInformations */ = {
			isa = PBXGroup;
			children = (
				C086D5352A7649AC0040D1D5 /* WashCarInformationsApp.swift */,
				C086D5372A7649AC0040D1D5 /* ContentView.swift */,
				C086D5392A7649AE0040D1D5 /* Assets.xcassets */,
				C086D53B2A7649AE0040D1D5 /* Preview Content */,
				C086D55F2A7654B50040D1D5 /* Color.swift */,
			);
			path = WashCarInformations;
			sourceTree = "<group>";
		};
		C086D53B2A7649AE0040D1D5 /* Preview Content */ = {
			isa = PBXGroup;
			children = (
				C086D53C2A7649AE0040D1D5 /* Preview Assets.xcassets */,
			);
			path = "Preview Content";
			sourceTree = "<group>";
		};
		C086D5452A7649AE0040D1D5 /* WashCarInformationsTests */ = {
			isa = PBXGroup;
			children = (
				C086D5462A7649AE0040D1D5 /* WashCarInformationsTests.swift */,
			);
			path = WashCarInformationsTests;
			sourceTree = "<group>";
		};
		C086D54F2A7649AE0040D1D5 /* WashCarInformationsUITests */ = {
			isa = PBXGroup;
			children = (
				C086D5502A7649AE0040D1D5 /* WashCarInformationsUITests.swift */,
				C086D5522A7649AE0040D1D5 /* WashCarInformationsUITestsLaunchTests.swift */,
			);
			path = WashCarInformationsUITests;
			sourceTree = "<group>";
		};
/* End PBXGroup section */

/* Begin PBXNativeTarget section */
		C086D5312A7649AC0040D1D5 /* WashCarInformations */ = {
			isa = PBXNativeTarget;
			buildConfigurationList = C086D5562A7649AE0040D1D5 /* Build configuration list for PBXNativeTarget "WashCarInformations" */;
			buildPhases = (
				C086D52E2A7649AC0040D1D5 /* Sources */,
				C086D52F2A7649AC0040D1D5 /* Frameworks */,
				C086D5302A7649AC0040D1D5 /* Resources */,
			);
			buildRules = (
			);
			dependencies = (
			);
			name = WashCarInformations;
			productName = WashCarInformations;
			productReference = C086D5322A7649AC0040D1D5 /* WashCarInformations.app */;
			productType = "com.apple.product-type.application";
		};
		C086D5412A7649AE0040D1D5 /* WashCarInformationsTests */ = {
			isa = PBXNativeTarget;
			buildConfigurationList = C086D5592A7649AE0040D1D5 /* Build configuration list for PBXNativeTarget "WashCarInformationsTests" */;
			buildPhases = (
				C086D53E2A7649AE0040D1D5 /* Sources */,
				C086D53F2A7649AE0040D1D5 /* Frameworks */,
				C086D5402A7649AE0040D1D5 /* Resources */,
			);
			buildRules = (
			);
			dependencies = (
				C086D5442A7649AE0040D1D5 /* PBXTargetDependency */,
			);
			name = WashCarInformationsTests;
			productName = WashCarInformationsTests;
			productReference = C086D5422A7649AE0040D1D5 /* WashCarInformationsTests.xctest */;
			productType = "com.apple.product-type.bundle.unit-test";
		};
		C086D54B2A7649AE0040D1D5 /* WashCarInformationsUITests */ = {
			isa = PBXNativeTarget;
			buildConfigurationList = C086D55C2A7649AE0040D1D5 /* Build configuration list for PBXNativeTarget "WashCarInformationsUITests" */;
			buildPhases = (
				C086D5482A7649AE0040D1D5 /* Sources */,
				C086D5492A7649AE0040D1D5 /* Frameworks */,
				C086D54A2A7649AE0040D1D5 /* Resources */,
			);
			buildRules = (
			);
			dependencies = (
				C086D54E2A7649AE0040D1D5 /* PBXTargetDependency */,
			);
			name = WashCarInformationsUITests;
			productName = WashCarInformationsUITests;
			productReference = C086D54C2A7649AE0040D1D5 /* WashCarInformationsUITests.xctest */;
			productType = "com.apple.product-type.bundle.ui-testing";
		};
/* End PBXNativeTarget section */

/* Begin PBXProject section */
		C086D52A2A7649AC0040D1D5 /* Project object */ = {
			isa = PBXProject;
			attributes = {
				BuildIndependentTargetsInParallel = 1;
				LastSwiftUpdateCheck = 1430;
				LastUpgradeCheck = 1430;
				TargetAttributes = {
					C086D5312A7649AC0040D1D5 = {
						CreatedOnToolsVersion = 14.3.1;
					};
					C086D5412A7649AE0040D1D5 = {
						CreatedOnToolsVersion = 14.3.1;
						TestTargetID = C086D5312A7649AC0040D1D5;
					};
					C086D54B2A7649AE0040D1D5 = {
						CreatedOnToolsVersion = 14.3.1;
						TestTargetID = C086D5312A7649AC0040D1D5;
					};
				};
			};
			buildConfigurationList = C086D52D2A7649AC0040D1D5 /* Build configuration list for PBXProject "WashCarInformations" */;
			compatibilityVersion = "Xcode 14.0";
			developmentRegion = en;
			hasScannedForEncodings = 0;
			knownRegions = (
				en,
				Base,
			);
			mainGroup = C086D5292A7649AC0040D1D5;
			productRefGroup = C086D5332A7649AC0040D1D5 /* Products */;
			projectDirPath = "";
			projectRoot = "";
			targets = (
				C086D5312A7649AC0040D1D5 /* WashCarInformations */,
				C086D5412A7649AE0040D1D5 /* WashCarInformationsTests */,
				C086D54B2A7649AE0040D1D5 /* WashCarInformationsUITests */,
			);
		};
/* End PBXProject section */

/* Begin PBXResourcesBuildPhase section */
		C086D5302A7649AC0040D1D5 /* Resources */ = {
			isa = PBXResourcesBuildPhase;
			buildActionMask = 2147483647;
			files = (
				C086D53D2A7649AE0040D1D5 /* Preview Assets.xcassets in Resources */,
				C086D53A2A7649AE0040D1D5 /* Assets.xcassets in Resources */,
			);
			runOnlyForDeploymentPostprocessing = 0;
		};
		C086D5402A7649AE0040D1D5 /* Resources */ = {
			isa = PBXResourcesBuildPhase;
			buildActionMask = 2147483647;
			files = (
			);
			runOnlyForDeploymentPostprocessing = 0;
		};
		C086D54A2A7649AE0040D1D5 /* Resources */ = {
			isa = PBXResourcesBuildPhase;
			buildActionMask = 2147483647;
			files = (
			);
			runOnlyForDeploymentPostprocessing = 0;
		};
/* End PBXResourcesBuildPhase section */

/* Begin PBXSourcesBuildPhase section */
		C086D52E2A7649AC0040D1D5 /* Sources */ = {
			isa = PBXSourcesBuildPhase;
			buildActionMask = 2147483647;
			files = (
				C086D5382A7649AC0040D1D5 /* ContentView.swift in Sources */,
				C086D5362A7649AC0040D1D5 /* WashCarInformationsApp.swift in Sources */,
				C086D5602A7654B50040D1D5 /* Color.swift in Sources */,
			);
			runOnlyForDeploymentPostprocessing = 0;
		};
		C086D53E2A7649AE0040D1D5 /* Sources */ = {
			isa = PBXSourcesBuildPhase;
			buildActionMask = 2147483647;
			files = (
				C086D5472A7649AE0040D1D5 /* WashCarInformationsTests.swift in Sources */,
			);
			runOnlyForDeploymentPostprocessing = 0;
		};
		C086D5482A7649AE0040D1D5 /* Sources */ = {
			isa = PBXSourcesBuildPhase;
			buildActionMask = 2147483647;
			files = (
				C086D5512A7649AE0040D1D5 /* WashCarInformationsUITests.swift in Sources */,
				C086D5532A7649AE0040D1D5 /* WashCarInformationsUITestsLaunchTests.swift in Sources */,
			);
			runOnlyForDeploymentPostprocessing = 0;
		};
/* End PBXSourcesBuildPhase section */

/* Begin PBXTargetDependency section */
		C086D5442A7649AE0040D1D5 /* PBXTargetDependency */ = {
			isa = PBXTargetDependency;
			target = C086D5312A7649AC0040D1D5 /* WashCarInformations */;
			targetProxy = C086D5432A7649AE0040D1D5 /* PBXContainerItemProxy */;
		};
		C086D54E2A7649AE0040D1D5 /* PBXTargetDependency */ = {
			isa = PBXTargetDependency;
			target = C086D5312A7649AC0040D1D5 /* WashCarInformations */;
			targetProxy = C086D54D2A7649AE0040D1D5 /* PBXContainerItemProxy */;
		};
/* End PBXTargetDependency section */

/* Begin XCBuildConfiguration section */
		C086D5542A7649AE0040D1D5 /* Debug */ = {
			isa = XCBuildConfiguration;
			buildSettings = {
				ALWAYS_SEARCH_USER_PATHS = NO;
				CLANG_ANALYZER_NONNULL = YES;
				CLANG_ANALYZER_NUMBER_OBJECT_CONVERSION = YES_AGGRESSIVE;
				CLANG_CXX_LANGUAGE_STANDARD = "gnu++20";
				CLANG_ENABLE_MODULES = YES;
				CLANG_ENABLE_OBJC_ARC = YES;
				CLANG_ENABLE_OBJC_WEAK = YES;
				CLANG_WARN_BLOCK_CAPTURE_AUTORELEASING = YES;
				CLANG_WARN_BOOL_CONVERSION = YES;
				CLANG_WARN_COMMA = YES;
				CLANG_WARN_CONSTANT_CONVERSION = YES;
				CLANG_WARN_DEPRECATED_OBJC_IMPLEMENTATIONS = YES;
				CLANG_WARN_DIRECT_OBJC_ISA_USAGE = YES_ERROR;
				CLANG_WARN_DOCUMENTATION_COMMENTS = YES;
				CLANG_WARN_EMPTY_BODY = YES;
				CLANG_WARN_ENUM_CONVERSION = YES;
				CLANG_WARN_INFINITE_RECURSION = YES;
				CLANG_WARN_INT_CONVERSION = YES;
				CLANG_WARN_NON_LITERAL_NULL_CONVERSION = YES;
				CLANG_WARN_OBJC_IMPLICIT_RETAIN_SELF = YES;
				CLANG_WARN_OBJC_LITERAL_CONVERSION = YES;
				CLANG_WARN_OBJC_ROOT_CLASS = YES_ERROR;
				CLANG_WARN_QUOTED_INCLUDE_IN_FRAMEWORK_HEADER = YES;
				CLANG_WARN_RANGE_LOOP_ANALYSIS = YES;
				CLANG_WARN_STRICT_PROTOTYPES = YES;
				CLANG_WARN_SUSPICIOUS_MOVE = YES;
				CLANG_WARN_UNGUARDED_AVAILABILITY = YES_AGGRESSIVE;
				CLANG_WARN_UNREACHABLE_CODE = YES;
				CLANG_WARN__DUPLICATE_METHOD_MATCH = YES;
				COPY_PHASE_STRIP = NO;
				DEBUG_INFORMATION_FORMAT = dwarf;
				ENABLE_STRICT_OBJC_MSGSEND = YES;
				ENABLE_TESTABILITY = YES;
				GCC_C_LANGUAGE_STANDARD = gnu11;
				GCC_DYNAMIC_NO_PIC = NO;
				GCC_NO_COMMON_BLOCKS = YES;
				GCC_OPTIMIZATION_LEVEL = 0;
				GCC_PREPROCESSOR_DEFINITIONS = (
					"DEBUG=1",
					"$(inherited)",
				);
				GCC_WARN_64_TO_32_BIT_CONVERSION = YES;
				GCC_WARN_ABOUT_RETURN_TYPE = YES_ERROR;
				GCC_WARN_UNDECLARED_SELECTOR = YES;
				GCC_WARN_UNINITIALIZED_AUTOS = YES_AGGRESSIVE;
				GCC_WARN_UNUSED_FUNCTION = YES;
				GCC_WARN_UNUSED_VARIABLE = YES;
				IPHONEOS_DEPLOYMENT_TARGET = 16.4;
				MTL_ENABLE_DEBUG_INFO = INCLUDE_SOURCE;
				MTL_FAST_MATH = YES;
				ONLY_ACTIVE_ARCH = YES;
				SDKROOT = iphoneos;
				SWIFT_ACTIVE_COMPILATION_CONDITIONS = DEBUG;
				SWIFT_OPTIMIZATION_LEVEL = "-Onone";
			};
			name = Debug;
		};
		C086D5552A7649AE0040D1D5 /* Release */ = {
			isa = XCBuildConfiguration;
			buildSettings = {
				ALWAYS_SEARCH_USER_PATHS = NO;
				CLANG_ANALYZER_NONNULL = YES;
				CLANG_ANALYZER_NUMBER_OBJECT_CONVERSION = YES_AGGRESSIVE;
				CLANG_CXX_LANGUAGE_STANDARD = "gnu++20";
				CLANG_ENABLE_MODULES = YES;
				CLANG_ENABLE_OBJC_ARC = YES;
				CLANG_ENABLE_OBJC_WEAK = YES;
				CLANG_WARN_BLOCK_CAPTURE_AUTORELEASING = YES;
				CLANG_WARN_BOOL_CONVERSION = YES;
				CLANG_WARN_COMMA = YES;
				CLANG_WARN_CONSTANT_CONVERSION = YES;
				CLANG_WARN_DEPRECATED_OBJC_IMPLEMENTATIONS = YES;
				CLANG_WARN_DIRECT_OBJC_ISA_USAGE = YES_ERROR;
				CLANG_WARN_DOCUMENTATION_COMMENTS = YES;
				CLANG_WARN_EMPTY_BODY = YES;
				CLANG_WARN_ENUM_CONVERSION = YES;
				CLANG_WARN_INFINITE_RECURSION = YES;
				CLANG_WARN_INT_CONVERSION = YES;
				CLANG_WARN_NON_LITERAL_NULL_CONVERSION = YES;
				CLANG_WARN_OBJC_IMPLICIT_RETAIN_SELF = YES;
				CLANG_WARN_OBJC_LITERAL_CONVERSION = YES;
				CLANG_WARN_OBJC_ROOT_CLASS = YES_ERROR;
				CLANG_WARN_QUOTED_INCLUDE_IN_FRAMEWORK_HEADER = YES;
				CLANG_WARN_RANGE_LOOP_ANALYSIS = YES;
				CLANG_WARN_STRICT_PROTOTYPES = YES;
				CLANG_WARN_SUSPICIOUS_MOVE = YES;
				CLANG_WARN_UNGUARDED_AVAILABILITY = YES_AGGRESSIVE;
				CLANG_WARN_UNREACHABLE_CODE = YES;
				CLANG_WARN__DUPLICATE_METHOD_MATCH = YES;
				COPY_PHASE_STRIP = NO;
				DEBUG_INFORMATION_FORMAT = "dwarf-with-dsym";
				ENABLE_NS_ASSERTIONS = NO;
				ENABLE_STRICT_OBJC_MSGSEND = YES;
				GCC_C_LANGUAGE_STANDARD = gnu11;
				GCC_NO_COMMON_BLOCKS = YES;
				GCC_WARN_64_TO_32_BIT_CONVERSION = YES;
				GCC_WARN_ABOUT_RETURN_TYPE = YES_ERROR;
				GCC_WARN_UNDECLARED_SELECTOR = YES;
				GCC_WARN_UNINITIALIZED_AUTOS = YES_AGGRESSIVE;
				GCC_WARN_UNUSED_FUNCTION = YES;
				GCC_WARN_UNUSED_VARIABLE = YES;
				IPHONEOS_DEPLOYMENT_TARGET = 16.4;
				MTL_ENABLE_DEBUG_INFO = NO;
				MTL_FAST_MATH = YES;
				SDKROOT = iphoneos;
				SWIFT_COMPILATION_MODE = wholemodule;
				SWIFT_OPTIMIZATION_LEVEL = "-O";
				VALIDATE_PRODUCT = YES;
			};
			name = Release;
		};
		C086D5572A7649AE0040D1D5 /* Debug */ = {
			isa = XCBuildConfiguration;
			buildSettings = {
				ASSETCATALOG_COMPILER_APPICON_NAME = AppIcon;
				ASSETCATALOG_COMPILER_GLOBAL_ACCENT_COLOR_NAME = AccentColor;
				CODE_SIGN_STYLE = Automatic;
				CURRENT_PROJECT_VERSION = 1;
				DEVELOPMENT_ASSET_PATHS = "\"WashCarInformations/Preview Content\"";
				DEVELOPMENT_TEAM = 42M2MDR9RS;
				ENABLE_PREVIEWS = YES;
				GENERATE_INFOPLIST_FILE = YES;
				INFOPLIST_KEY_UIApplicationSceneManifest_Generation = YES;
				INFOPLIST_KEY_UIApplicationSupportsIndirectInputEvents = YES;
				INFOPLIST_KEY_UILaunchScreen_Generation = YES;
				INFOPLIST_KEY_UISupportedInterfaceOrientations_iPad = "UIInterfaceOrientationPortrait UIInterfaceOrientationPortraitUpsideDown UIInterfaceOrientationLandscapeLeft UIInterfaceOrientationLandscapeRight";
				INFOPLIST_KEY_UISupportedInterfaceOrientations_iPhone = "UIInterfaceOrientationPortrait UIInterfaceOrientationLandscapeLeft UIInterfaceOrientationLandscapeRight";
				LD_RUNPATH_SEARCH_PATHS = (
					"$(inherited)",
					"@executable_path/Frameworks",
				);
				MARKETING_VERSION = 1.0;
				PRODUCT_BUNDLE_IDENTIFIER = aboutmore7.WashCarInformations;
				PRODUCT_NAME = "$(TARGET_NAME)";
				SWIFT_EMIT_LOC_STRINGS = YES;
				SWIFT_VERSION = 5.0;
				TARGETED_DEVICE_FAMILY = "1,2";
			};
			name = Debug;
		};
		C086D5582A7649AE0040D1D5 /* Release */ = {
			isa = XCBuildConfiguration;
			buildSettings = {
				ASSETCATALOG_COMPILER_APPICON_NAME = AppIcon;
				ASSETCATALOG_COMPILER_GLOBAL_ACCENT_COLOR_NAME = AccentColor;
				CODE_SIGN_STYLE = Automatic;
				CURRENT_PROJECT_VERSION = 1;
				DEVELOPMENT_ASSET_PATHS = "\"WashCarInformations/Preview Content\"";
				DEVELOPMENT_TEAM = 42M2MDR9RS;
				ENABLE_PREVIEWS = YES;
				GENERATE_INFOPLIST_FILE = YES;
				INFOPLIST_KEY_UIApplicationSceneManifest_Generation = YES;
				INFOPLIST_KEY_UIApplicationSupportsIndirectInputEvents = YES;
				INFOPLIST_KEY_UILaunchScreen_Generation = YES;
				INFOPLIST_KEY_UISupportedInterfaceOrientations_iPad = "UIInterfaceOrientationPortrait UIInterfaceOrientationPortraitUpsideDown UIInterfaceOrientationLandscapeLeft UIInterfaceOrientationLandscapeRight";
				INFOPLIST_KEY_UISupportedInterfaceOrientations_iPhone = "UIInterfaceOrientationPortrait UIInterfaceOrientationLandscapeLeft UIInterfaceOrientationLandscapeRight";
				LD_RUNPATH_SEARCH_PATHS = (
					"$(inherited)",
					"@executable_path/Frameworks",
				);
				MARKETING_VERSION = 1.0;
				PRODUCT_BUNDLE_IDENTIFIER = aboutmore7.WashCarInformations;
				PRODUCT_NAME = "$(TARGET_NAME)";
				SWIFT_EMIT_LOC_STRINGS = YES;
				SWIFT_VERSION = 5.0;
				TARGETED_DEVICE_FAMILY = "1,2";
			};
			name = Release;
		};
		C086D55A2A7649AE0040D1D5 /* Debug */ = {
			isa = XCBuildConfiguration;
			buildSettings = {
				ALWAYS_EMBED_SWIFT_STANDARD_LIBRARIES = YES;
				BUNDLE_LOADER = "$(TEST_HOST)";
				CODE_SIGN_STYLE = Automatic;
				CURRENT_PROJECT_VERSION = 1;
				DEVELOPMENT_TEAM = 42M2MDR9RS;
				GENERATE_INFOPLIST_FILE = YES;
				IPHONEOS_DEPLOYMENT_TARGET = 16.4;
				MARKETING_VERSION = 1.0;
				PRODUCT_BUNDLE_IDENTIFIER = aboutmore7.WashCarInformationsTests;
				PRODUCT_NAME = "$(TARGET_NAME)";
				SWIFT_EMIT_LOC_STRINGS = NO;
				SWIFT_VERSION = 5.0;
				TARGETED_DEVICE_FAMILY = "1,2";
				TEST_HOST = "$(BUILT_PRODUCTS_DIR)/WashCarInformations.app/$(BUNDLE_EXECUTABLE_FOLDER_PATH)/WashCarInformations";
			};
			name = Debug;
		};
		C086D55B2A7649AE0040D1D5 /* Release */ = {
			isa = XCBuildConfiguration;
			buildSettings = {
				ALWAYS_EMBED_SWIFT_STANDARD_LIBRARIES = YES;
				BUNDLE_LOADER = "$(TEST_HOST)";
				CODE_SIGN_STYLE = Automatic;
				CURRENT_PROJECT_VERSION = 1;
				DEVELOPMENT_TEAM = 42M2MDR9RS;
				GENERATE_INFOPLIST_FILE = YES;
				IPHONEOS_DEPLOYMENT_TARGET = 16.4;
				MARKETING_VERSION = 1.0;
				PRODUCT_BUNDLE_IDENTIFIER = aboutmore7.WashCarInformationsTests;
				PRODUCT_NAME = "$(TARGET_NAME)";
				SWIFT_EMIT_LOC_STRINGS = NO;
				SWIFT_VERSION = 5.0;
				TARGETED_DEVICE_FAMILY = "1,2";
				TEST_HOST = "$(BUILT_PRODUCTS_DIR)/WashCarInformations.app/$(BUNDLE_EXECUTABLE_FOLDER_PATH)/WashCarInformations";
			};
			name = Release;
		};
		C086D55D2A7649AE0040D1D5 /* Debug */ = {
			isa = XCBuildConfiguration;
			buildSettings = {
				ALWAYS_EMBED_SWIFT_STANDARD_LIBRARIES = YES;
				CODE_SIGN_STYLE = Automatic;
				CURRENT_PROJECT_VERSION = 1;
				DEVELOPMENT_TEAM = 42M2MDR9RS;
				GENERATE_INFOPLIST_FILE = YES;
				MARKETING_VERSION = 1.0;
				PRODUCT_BUNDLE_IDENTIFIER = aboutmore7.WashCarInformationsUITests;
				PRODUCT_NAME = "$(TARGET_NAME)";
				SWIFT_EMIT_LOC_STRINGS = NO;
				SWIFT_VERSION = 5.0;
				TARGETED_DEVICE_FAMILY = "1,2";
				TEST_TARGET_NAME = WashCarInformations;
			};
			name = Debug;
		};
		C086D55E2A7649AE0040D1D5 /* Release */ = {
			isa = XCBuildConfiguration;
			buildSettings = {
				ALWAYS_EMBED_SWIFT_STANDARD_LIBRARIES = YES;
				CODE_SIGN_STYLE = Automatic;
				CURRENT_PROJECT_VERSION = 1;
				DEVELOPMENT_TEAM = 42M2MDR9RS;
				GENERATE_INFOPLIST_FILE = YES;
				MARKETING_VERSION = 1.0;
				PRODUCT_BUNDLE_IDENTIFIER = aboutmore7.WashCarInformationsUITests;
				PRODUCT_NAME = "$(TARGET_NAME)";
				SWIFT_EMIT_LOC_STRINGS = NO;
				SWIFT_VERSION = 5.0;
				TARGETED_DEVICE_FAMILY = "1,2";
				TEST_TARGET_NAME = WashCarInformations;
			};
			name = Release;
		};
/* End XCBuildConfiguration section */

/* Begin XCConfigurationList section */
		C086D52D2A7649AC0040D1D5 /* Build configuration list for PBXProject "WashCarInformations" */ = {
			isa = XCConfigurationList;
			buildConfigurations = (
				C086D5542A7649AE0040D1D5 /* Debug */,
				C086D5552A7649AE0040D1D5 /* Release */,
			);
			defaultConfigurationIsVisible = 0;
			defaultConfigurationName = Release;
		};
		C086D5562A7649AE0040D1D5 /* Build configuration list for PBXNativeTarget "WashCarInformations" */ = {
			isa = XCConfigurationList;
			buildConfigurations = (
				C086D5572A7649AE0040D1D5 /* Debug */,
				C086D5582A7649AE0040D1D5 /* Release */,
			);
			defaultConfigurationIsVisible = 0;
			defaultConfigurationName = Release;
		};
		C086D5592A7649AE0040D1D5 /* Build configuration list for PBXNativeTarget "WashCarInformationsTests" */ = {
			isa = XCConfigurationList;
			buildConfigurations = (
				C086D55A2A7649AE0040D1D5 /* Debug */,
				C086D55B2A7649AE0040D1D5 /* Release */,
			);
			defaultConfigurationIsVisible = 0;
			defaultConfigurationName = Release;
		};
		C086D55C2A7649AE0040D1D5 /* Build configuration list for PBXNativeTarget "WashCarInformationsUITests" */ = {
			isa = XCConfigurationList;
			buildConfigurations = (
				C086D55D2A7649AE0040D1D5 /* Debug */,
				C086D55E2A7649AE0040D1D5 /* Release */,
			);
			defaultConfigurationIsVisible = 0;
			defaultConfigurationName = Release;
		};
/* End XCConfigurationList section */
	};
	rootObject = C086D52A2A7649AC0040D1D5 /* Project object */;
}
